
Microsoft Visual Studio Solution File, Format Version 12.00
# Visual Studio 15
VisualStudioVersion = 15.0.27004.2010
MinimumVisualStudioVersion = 10.0.40219.1
Project("{9A19103F-16F7-4668-BE54-9A1E7A4F7556}") = "Kospa.Web", "Kospa.Web\Kospa.Web.csproj", "{DC34A9BA-B192-4665-BBE2-3CF45CB463EE}"
EndProject
Project("{9A19103F-16F7-4668-BE54-9A1E7A4F7556}") = "Kospa.Data", "..\Kospa.Data\Kospa.Data\Kospa.Data.csproj", "{EDF4470C-A368-4E00-865B-4D08CAB16DA6}"
EndProject
Global
	GlobalSection(SolutionConfigurationPlatforms) = preSolution
		Debug|Any CPU = Debug|Any CPU
		Release|Any CPU = Release|Any CPU
	EndGlobalSection
	GlobalSection(ProjectConfigurationPlatforms) = postSolution
		{DC34A9BA-B192-4665-BBE2-3CF45CB463EE}.Debug|Any CPU.ActiveCfg = Debug|Any CPU
		{DC34A9BA-B192-4665-BBE2-3CF45CB463EE}.Debug|Any CPU.Build.0 = Debug|Any CPU
		{DC34A9BA-B192-4665-BBE2-3CF45CB463EE}.Release|Any CPU.ActiveCfg = Release|Any CPU
		{DC34A9BA-B192-4665-BBE2-3CF45CB463EE}.Release|Any CPU.Build.0 = Release|Any CPU
		{EDF4470C-A368-4E00-865B-4D08CAB16DA6}.Debug|Any CPU.ActiveCfg = Debug|Any CPU
		{EDF4470C-A368-4E00-865B-4D08CAB16DA6}.Debug|Any CPU.Build.0 = Debug|Any CPU
		{EDF4470C-A368-4E00-865B-4D08CAB16DA6}.Release|Any CPU.ActiveCfg = Release|Any CPU
		{EDF4470C-A368-4E00-865B-4D08CAB16DA6}.Release|Any CPU.Build.0 = Release|Any CPU
	EndGlobalSection
	GlobalSection(SolutionProperties) = preSolution
		HideSolutionNode = FALSE
	EndGlobalSection
	GlobalSection(ExtensibilityGlobals) = postSolution
		SolutionGuid = {F97B7E1C-7236-4E3C-9C99-7199257489AB}
	EndGlobalSection
EndGlobal
